
Microsoft Visual Studio Solution File, Format Version 12.00
# Visual Studio Version 17
VisualStudioVersion = 17.9.34728.123
MinimumVisualStudioVersion = 10.0.40219.1
Project("{FAE04EC0-301F-11D3-BF4B-00C04F79EFBC}") = "WinFormsApp1", "WinFormsApp1.csproj", "{62B06D11-E15F-47A7-AAE8-30CE1D039BB6}"
EndProject
Global
	GlobalSection(SolutionConfigurationPlatforms) = preSolution
		Debug|Any CPU = Debug|Any CPU
		Release|Any CPU = Release|Any CPU
	EndGlobalSection
	GlobalSection(ProjectConfigurationPlatforms) = postSolution
		{62B06D11-E15F-47A7-AAE8-30CE1D039BB6}.Debug|Any CPU.ActiveCfg = Debug|Any CPU
		{62B06D11-E15F-47A7-AAE8-30CE1D039BB6}.Debug|Any CPU.Build.0 = Debug|Any CPU
		{62B06D11-E15F-47A7-AAE8-30CE1D039BB6}.Release|Any CPU.ActiveCfg = Release|Any CPU
		{62B06D11-E15F-47A7-AAE8-30CE1D039BB6}.Release|Any CPU.Build.0 = Release|Any CPU
	EndGlobalSection
	GlobalSection(SolutionProperties) = preSolution
		HideSolutionNode = FALSE
	EndGlobalSection
	GlobalSection(ExtensibilityGlobals) = postSolution
		SolutionGuid = {F29AB354-DA5F-41E0-83BF-9C70A8916FF3}
	EndGlobalSection
EndGlobal
